
Microsoft Visual Studio Solution File, Format Version 12.00
# Visual Studio Version 17
VisualStudioVersion = 17.9.34616.47
MinimumVisualStudioVersion = 10.0.40219.1
Project("{FAE04EC0-301F-11D3-BF4B-00C04F79EFBC}") = "SchoolRegister.Web", "SchoolRegister.Web\SchoolRegister.Web.csproj", "{A233E2F5-C37D-4252-B2E2-9B58295D9604}"
EndProject
Project("{FAE04EC0-301F-11D3-BF4B-00C04F79EFBC}") = "SchoolRegister.Model", "..\SchoolRegister.Model\SchoolRegister.Model.csproj", "{84DF72D1-6DE1-408C-9019-D97E41E8DEA5}"
EndProject
Project("{FAE04EC0-301F-11D3-BF4B-00C04F79EFBC}") = "SchoolRegister.DAL", "..\SchoolRegister.DAL\SchoolRegister.DAL.csproj", "{F9B01E83-F8DD-43A6-A9F0-0CBB56A111F1}"
EndProject
Project("{FAE04EC0-301F-11D3-BF4B-00C04F79EFBC}") = "SchoolRegister.Services", "..\SchoolRegister.Services\SchoolRegister.Services.csproj", "{4E8C0340-2486-4E6D-A9C4-8D2AAF22D1C5}"
EndProject
Project("{FAE04EC0-301F-11D3-BF4B-00C04F79EFBC}") = "SchoolRegister.ViewModels", "..\SchoolRegister.ViewModels\SchoolRegister.ViewModels.csproj", "{5960858B-00FD-4F19-BC18-7C1FFB68690E}"
EndProject
Global
	GlobalSection(SolutionConfigurationPlatforms) = preSolution
		Debug|Any CPU = Debug|Any CPU
		Release|Any CPU = Release|Any CPU
	EndGlobalSection
	GlobalSection(ProjectConfigurationPlatforms) = postSolution
		{A233E2F5-C37D-4252-B2E2-9B58295D9604}.Debug|Any CPU.ActiveCfg = Debug|Any CPU
		{A233E2F5-C37D-4252-B2E2-9B58295D9604}.Debug|Any CPU.Build.0 = Debug|Any CPU
		{A233E2F5-C37D-4252-B2E2-9B58295D9604}.Release|Any CPU.ActiveCfg = Release|Any CPU
		{A233E2F5-C37D-4252-B2E2-9B58295D9604}.Release|Any CPU.Build.0 = Release|Any CPU
		{84DF72D1-6DE1-408C-9019-D97E41E8DEA5}.Debug|Any CPU.ActiveCfg = Debug|Any CPU
		{84DF72D1-6DE1-408C-9019-D97E41E8DEA5}.Debug|Any CPU.Build.0 = Debug|Any CPU
		{84DF72D1-6DE1-408C-9019-D97E41E8DEA5}.Release|Any CPU.ActiveCfg = Release|Any CPU
		{84DF72D1-6DE1-408C-9019-D97E41E8DEA5}.Release|Any CPU.Build.0 = Release|Any CPU
		{F9B01E83-F8DD-43A6-A9F0-0CBB56A111F1}.Debug|Any CPU.ActiveCfg = Debug|Any CPU
		{F9B01E83-F8DD-43A6-A9F0-0CBB56A111F1}.Debug|Any CPU.Build.0 = Debug|Any CPU
		{F9B01E83-F8DD-43A6-A9F0-0CBB56A111F1}.Release|Any CPU.ActiveCfg = Release|Any CPU
		{F9B01E83-F8DD-43A6-A9F0-0CBB56A111F1}.Release|Any CPU.Build.0 = Release|Any CPU
		{4E8C0340-2486-4E6D-A9C4-8D2AAF22D1C5}.Debug|Any CPU.ActiveCfg = Debug|Any CPU
		{4E8C0340-2486-4E6D-A9C4-8D2AAF22D1C5}.Debug|Any CPU.Build.0 = Debug|Any CPU
		{4E8C0340-2486-4E6D-A9C4-8D2AAF22D1C5}.Release|Any CPU.ActiveCfg = Release|Any CPU
		{4E8C0340-2486-4E6D-A9C4-8D2AAF22D1C5}.Release|Any CPU.Build.0 = Release|Any CPU
		{5960858B-00FD-4F19-BC18-7C1FFB68690E}.Debug|Any CPU.ActiveCfg = Debug|Any CPU
		{5960858B-00FD-4F19-BC18-7C1FFB68690E}.Debug|Any CPU.Build.0 = Debug|Any CPU
		{5960858B-00FD-4F19-BC18-7C1FFB68690E}.Release|Any CPU.ActiveCfg = Release|Any CPU
		{5960858B-00FD-4F19-BC18-7C1FFB68690E}.Release|Any CPU.Build.0 = Release|Any CPU
	EndGlobalSection
	GlobalSection(SolutionProperties) = preSolution
		HideSolutionNode = FALSE
	EndGlobalSection
	GlobalSection(ExtensibilityGlobals) = postSolution
		SolutionGuid = {B885F9B1-BB5B-4103-B681-5B8BBC9912F0}
	EndGlobalSection
EndGlobal
